
Microsoft Visual Studio Solution File, Format Version 12.00
# Visual Studio Version 16
VisualStudioVersion = 16.0.29709.97
MinimumVisualStudioVersion = 10.0.40219.1
Project("{FAE04EC0-301F-11D3-BF4B-00C04F79EFBC}") = "Task8", "Task8.csproj", "{2B553E84-E861-49FC-B846-DDB2AFA33603}"
EndProject
Global
	GlobalSection(SolutionConfigurationPlatforms) = preSolution
		Debug|Any CPU = Debug|Any CPU
		Release|Any CPU = Release|Any CPU
	EndGlobalSection
	GlobalSection(ProjectConfigurationPlatforms) = postSolution
		{2B553E84-E861-49FC-B846-DDB2AFA33603}.Debug|Any CPU.ActiveCfg = Debug|Any CPU
		{2B553E84-E861-49FC-B846-DDB2AFA33603}.Debug|Any CPU.Build.0 = Debug|Any CPU
		{2B553E84-E861-49FC-B846-DDB2AFA33603}.Release|Any CPU.ActiveCfg = Release|Any CPU
		{2B553E84-E861-49FC-B846-DDB2AFA33603}.Release|Any CPU.Build.0 = Release|Any CPU
	EndGlobalSection
	GlobalSection(SolutionProperties) = preSolution
		HideSolutionNode = FALSE
	EndGlobalSection
	GlobalSection(ExtensibilityGlobals) = postSolution
		SolutionGuid = {3FE4A4C8-C046-49F9-8F68-33F1A46965AD}
	EndGlobalSection
EndGlobal
